
Microsoft Visual Studio Solution File, Format Version 12.00
# Visual Studio Version 17
VisualStudioVersion = 17.7.34003.232
MinimumVisualStudioVersion = 10.0.40219.1
Project("{FAE04EC0-301F-11D3-BF4B-00C04F79EFBC}") = "Vergi_Hesaplayıcı", "Vergi_Hesaplayıcı.csproj", "{29249E14-E48A-40F9-90AC-E19DAD03C48A}"
EndProject
Global
	GlobalSection(SolutionConfigurationPlatforms) = preSolution
		Debug|Any CPU = Debug|Any CPU
		Release|Any CPU = Release|Any CPU
	EndGlobalSection
	GlobalSection(ProjectConfigurationPlatforms) = postSolution
		{29249E14-E48A-40F9-90AC-E19DAD03C48A}.Debug|Any CPU.ActiveCfg = Debug|Any CPU
		{29249E14-E48A-40F9-90AC-E19DAD03C48A}.Debug|Any CPU.Build.0 = Debug|Any CPU
		{29249E14-E48A-40F9-90AC-E19DAD03C48A}.Release|Any CPU.ActiveCfg = Release|Any CPU
		{29249E14-E48A-40F9-90AC-E19DAD03C48A}.Release|Any CPU.Build.0 = Release|Any CPU
	EndGlobalSection
	GlobalSection(SolutionProperties) = preSolution
		HideSolutionNode = FALSE
	EndGlobalSection
	GlobalSection(ExtensibilityGlobals) = postSolution
		SolutionGuid = {8E49E6E4-79C1-4166-87F5-E8A87E5277FE}
	EndGlobalSection
EndGlobal
